
Microsoft Visual Studio Solution File, Format Version 12.00
# Visual Studio Version 17
VisualStudioVersion = 17.11.35327.3
MinimumVisualStudioVersion = 10.0.40219.1
Project("{9A19103F-16F7-4668-BE54-9A1E7A4F7556}") = "Jasper", "Jasper.csproj", "{252D6601-FF28-430A-AF50-3E5B942FF388}"
EndProject
Project("{54435603-DBB4-11D2-8724-00A0C9A8B90C}") = "SetupJasper", "..\SetupJasper\SetupJasper.vdproj", "{24DC9D2D-F60B-4FE2-8B5D-DA47A20F7F91}"
EndProject
Global
	GlobalSection(SolutionConfigurationPlatforms) = preSolution
		Debug|Any CPU = Debug|Any CPU
		Release|Any CPU = Release|Any CPU
	EndGlobalSection
	GlobalSection(ProjectConfigurationPlatforms) = postSolution
		{252D6601-FF28-430A-AF50-3E5B942FF388}.Debug|Any CPU.ActiveCfg = Debug|Any CPU
		{252D6601-FF28-430A-AF50-3E5B942FF388}.Debug|Any CPU.Build.0 = Debug|Any CPU
		{252D6601-FF28-430A-AF50-3E5B942FF388}.Release|Any CPU.ActiveCfg = Release|Any CPU
		{252D6601-FF28-430A-AF50-3E5B942FF388}.Release|Any CPU.Build.0 = Release|Any CPU
		{24DC9D2D-F60B-4FE2-8B5D-DA47A20F7F91}.Debug|Any CPU.ActiveCfg = Debug
		{24DC9D2D-F60B-4FE2-8B5D-DA47A20F7F91}.Release|Any CPU.ActiveCfg = Release
	EndGlobalSection
	GlobalSection(SolutionProperties) = preSolution
		HideSolutionNode = FALSE
	EndGlobalSection
	GlobalSection(ExtensibilityGlobals) = postSolution
		SolutionGuid = {F3F02EFF-7D72-4B84-99F2-2BF4A26EB131}
	EndGlobalSection
EndGlobal
